{
  "name": "proton-scheduler-frontend",
  "version": "1.0.0",
  "lockfileVersion": 3,
  "requires": true,
  "packages": {
    "": {
      "name": "proton-scheduler-frontend",
      "version": "1.0.0",
      "dependencies": {
        "@simplewebauthn/browser": "^14.0.0",
        "@zerolimit/packages": "git+https://github.com/zerolimit-es/solid-scheduling-tools.git",
        "lucide-react": "1.44.0",
        "react": "^19.3.0",
        "react-dom": "^19.3.0"
      },
      "devDependencies": {
        "@rolldown/pluginutils": "^1.0.1",
        "@tailwindcss/postcss": "^4.3.3",
        "@tailwindcss/vite": "^4.3.3",
        "@types/react": "^19.3.0",
        "@types/react-dom": "^19.3.0",
        "@vitejs/plugin-react": "^6.1.1",
        "autoprefixer": "^10.5.6",
        "postcss": "^8.5.28",
        "tailwindcss": "^4.2.2",
        "vite": "^8.3.0"
      }
    },
    "node_modules/@alloc/quick-lru": {
      "version": "5.3.0",
      "dev": true,
      "license": "MIT",
      "engines": {
        "node": ">=10"
      },
      "funding": {
        "url": "https://github.com/sponsors/sindresorhus"
      }
    },
    "node_modules/@jridgewell/gen-mapping": {
      "version": "0.3.13",
      "dev": true,
      "license": "MIT",
      "dependencies": {
        "@jridgewell/sourcemap-codec": "^1.5.0",
        "@jridgewell/trace-mapping": "^0.3.24"
      }
    },
    "node_modules/@jridgewell/remapping": {
      "version": "2.3.5",
      "dev": true,
      "license": "MIT",
      "dependencies": {
        "@jridgewell/gen-mapping": "^0.3.5",
        "@jridgewell/trace-mapping": "^0.3.24"
      }
    },
    "node_modules/@jridgewell/resolve-uri": {
      "version": "3.1.2",
      "dev": true,
      "license": "MIT",
      "engines": {
        "node": ">=6.0.0"
      }
    },
    "node_modules/@jridgewell/sourcemap-codec": {
      "version": "1.6.0",
      "dev": true,
      "license": "MIT"
    },
    "node_modules/@jridgewell/trace-mapping": {
      "version": "0.3.31",
      "dev": true,
      "license": "MIT",
      "dependencies": {
        "@jridgewell/resolve-uri": "^3.1.0",
        "@jridgewell/sourcemap-codec": "^1.4.14"
      }
    },
    "node_modules/@oxc-project/types": {
      "version": "0.150.0",
      "dev": true,
      "license": "MIT",
      "funding": {
        "url": "https://github.com/sponsors/oxc-project"
      }
    },
    "node_modules/@rolldown/binding-linux-x64-gnu": {
      "version": "1.2.9",
      "cpu": [
        "x64"
      ],
      "dev": true,
      "license": "MIT",
      "optional": true,
      "os": [
        "linux"
      ],
      "engines": {
        "node": "^20.19.0 || >=22.12.0"
      }
    },
    "node_modules/@rolldown/pluginutils": {
      "version": "1.0.1",
      "dev": true,
      "license": "MIT"
    },
    "node_modules/@simplewebauthn/browser": {
      "version": "14.0.0",
      "license": "MIT"
    },
    "node_modules/@tailwindcss/node": {
      "version": "4.3.3",
      "dev": true,
      "license": "MIT",
      "dependencies": {
        "@jridgewell/remapping": "^2.3.5",
        "enhanced-resolve": "^5.24.1",
        "jiti": "^2.7.0",
        "lightningcss": "1.32.0",
        "magic-string": "^0.30.21",
        "source-map-js": "^1.2.1",
        "tailwindcss": "4.3.3"
      }
    },
    "node_modules/@tailwindcss/oxide": {
      "version": "4.3.3",
      "dev": true,
      "license": "MIT",
      "engines": {
        "node": ">= 20"
      },
      "optionalDependencies": {
        "@tailwindcss/oxide-android-arm64": "4.3.3",
        "@tailwindcss/oxide-darwin-arm64": "4.3.3",
        "@tailwindcss/oxide-darwin-x64": "4.3.3",
        "@tailwindcss/oxide-freebsd-x64": "4.3.3",
        "@tailwindcss/oxide-linux-arm-gnueabihf": "4.3.3",
        "@tailwindcss/oxide-linux-arm64-gnu": "4.3.3",
        "@tailwindcss/oxide-linux-arm64-musl": "4.3.3",
        "@tailwindcss/oxide-linux-x64-gnu": "4.3.3",
        "@tailwindcss/oxide-linux-x64-musl": "4.3.3",
        "@tailwindcss/oxide-wasm32-wasi": "4.3.3",
        "@tailwindcss/oxide-win32-arm64-msvc": "4.3.3",
        "@tailwindcss/oxide-win32-x64-msvc": "4.3.3"
      }
    },
    "node_modules/@tailwindcss/oxide-linux-x64-gnu": {
      "version": "4.3.3",
      "cpu": [
        "x64"
      ],
      "dev": true,
      "license": "MIT",
      "optional": true,
      "os": [
        "linux"
      ],
      "engines": {
        "node": ">= 20"
      }
    },
    "node_modules/@tailwindcss/postcss": {
      "version": "4.3.3",
      "dev": true,
      "license": "MIT",
      "dependencies": {
        "@alloc/quick-lru": "^5.2.0",
        "@tailwindcss/node": "4.3.3",
        "@tailwindcss/oxide": "4.3.3",
        "postcss": "^8.5.16",
        "tailwindcss": "4.3.3"
      }
    },
    "node_modules/@tailwindcss/vite": {
      "version": "4.3.3",
      "dev": true,
      "license": "MIT",
      "dependencies": {
        "@tailwindcss/node": "4.3.3",
        "@tailwindcss/oxide": "4.3.3",
        "tailwindcss": "4.3.3"
      },
      "peerDependencies": {
        "vite": "^5.2.0 || ^6 || ^7 || ^8"
      }
    },
    "node_modules/@types/react": {
      "version": "19.3.0",
      "dev": true,
      "license": "MIT",
      "dependencies": {
        "csstype": "^3.2.2"
      }
    },
    "node_modules/@types/react-dom": {
      "version": "19.3.0",
      "dev": true,
      "license": "MIT",
      "peerDependencies": {
        "@types/react": "^19.3.0"
      }
    },
    "node_modules/@vitejs/plugin-react": {
      "version": "6.1.1",
      "dev": true,
      "license": "MIT",
      "dependencies": {
        "@rolldown/pluginutils": "^1.0.1"
      },
      "engines": {
        "node": "^20.19.0 || >=22.12.0"
      },
      "peerDependencies": {
        "@rolldown/plugin-babel": "^0.1.7 || ^0.2.0",
        "babel-plugin-react-compiler": "^1.0.0",
        "oxc-transform-react": "^0.145.0",
        "vite": "^8.0.0"
      },
      "peerDependenciesMeta": {
        "@rolldown/plugin-babel": {
          "optional": true
        },
        "babel-plugin-react-compiler": {
          "optional": true
        },
        "oxc-transform-react": {
          "optional": true
        }
      }
    },
    "node_modules/@zerolimit/packages": {
      "version": "0.1.1",
      "resolved": "git+ssh://git@github.com/zerolimit-es/solid-scheduling-tools.git#ae67e338de67ffb2d261d5419d21970f4c0cf02f",
      "license": "MIT",
      "engines": {
        "node": ">=18.0.0"
      },
      "peerDependencies": {
        "@inrupt/solid-client": "^2.0.0 || ^3.0.0",
        "@inrupt/solid-client-authn-node": "^2.0.0 || ^3.0.0 || ^4.0.0 || ^5.0.0",
        "@simplewebauthn/browser": "^13.0.0 || ^14.0.0",
        "@simplewebauthn/server": "^13.0.0 || ^14.0.0",
        "express": "^4.18.0 || ^5.0.0",
        "express-rate-limit": "^7.0.0 || ^8.0.0",
        "ioredis": "^5.0.0 || ^6.0.0",
        "react": "^18.0.0 || ^19.0.0"
      },
      "peerDependenciesMeta": {
        "@inrupt/solid-client": {
          "optional": true
        },
        "@inrupt/solid-client-authn-node": {
          "optional": true
        },
        "@simplewebauthn/browser": {
          "optional": true
        },
        "@simplewebauthn/server": {
          "optional": true
        },
        "express": {
          "optional": true
        },
        "express-rate-limit": {
          "optional": true
        },
        "ioredis": {
          "optional": true
        },
        "react": {
          "optional": true
        }
      }
    },
    "node_modules/autoprefixer": {
      "version": "10.6.1",
      "dev": true,
      "funding": [
        {
          "type": "opencollective",
          "url": "https://opencollective.com/postcss/"
        },
        {
          "type": "tidelift",
          "url": "https://tidelift.com/funding/github/npm/autoprefixer"
        },
        {
          "type": "github",
          "url": "https://github.com/sponsors/ai"
        }
      ],
      "license": "MIT",
      "dependencies": {
        "browserslist": "^4.28.9",
        "caniuse-lite": "^1.0.30001810",
        "fraction.js": "^5.3.4",
        "picocolors": "^1.1.1",
        "postcss-value-parser": "^4.2.0"
      },
      "bin": {
        "autoprefixer": "bin/autoprefixer"
      },
      "engines": {
        "node": "^10 || ^12 || >=14"
      },
      "peerDependencies": {
        "postcss": "^8.1.0"
      }
    },
    "node_modules/baseline-browser-mapping": {
      "version": "2.11.25",
      "dev": true,
      "license": "Apache-2.0",
      "bin": {
        "baseline-browser-mapping": "dist/cli.cjs"
      },
      "engines": {
        "node": ">=6.0.0"
      }
    },
    "node_modules/browserslist": {
      "version": "4.29.0",
      "dev": true,
      "funding": [
        {
          "type": "opencollective",
          "url": "https://opencollective.com/browserslist"
        },
        {
          "type": "tidelift",
          "url": "https://tidelift.com/funding/github/npm/browserslist"
        },
        {
          "type": "github",
          "url": "https://github.com/sponsors/ai"
        }
      ],
      "license": "MIT",
      "dependencies": {
        "baseline-browser-mapping": "^2.11.23",
        "caniuse-lite": "^1.0.30001810",
        "electron-to-chromium": "^1.5.427",
        "node-releases": "^2.0.55",
        "update-browserslist-db": "^1.3.3"
      },
      "bin": {
        "browserslist": "cli.js"
      },
      "engines": {
        "node": "^6 || ^7 || ^8 || ^9 || ^10 || ^11 || ^12 || >=13.7"
      }
    },
    "node_modules/caniuse-lite": {
      "version": "1.0.30001810",
      "dev": true,
      "funding": [
        {
          "type": "opencollective",
          "url": "https://opencollective.com/browserslist"
        },
        {
          "type": "tidelift",
          "url": "https://tidelift.com/funding/github/npm/caniuse-lite"
        },
        {
          "type": "github",
          "url": "https://github.com/sponsors/ai"
        }
      ],
      "license": "CC-BY-4.0"
    },
    "node_modules/csstype": {
      "version": "3.2.3",
      "dev": true,
      "license": "MIT"
    },
    "node_modules/detect-libc": {
      "version": "2.1.2",
      "dev": true,
      "license": "Apache-2.0",
      "engines": {
        "node": ">=8"
      }
    },
    "node_modules/electron-to-chromium": {
      "version": "1.5.433",
      "dev": true,
      "license": "ISC"
    },
    "node_modules/enhanced-resolve": {
      "version": "5.25.1",
      "dev": true,
      "license": "MIT",
      "dependencies": {
        "graceful-fs": "^4.2.4",
        "tapable": "^2.3.3"
      },
      "engines": {
        "node": ">=10.13.0"
      }
    },
    "node_modules/escalade": {
      "version": "3.2.0",
      "dev": true,
      "license": "MIT",
      "engines": {
        "node": ">=6"
      }
    },
    "node_modules/fdir": {
      "version": "6.5.0",
      "dev": true,
      "license": "MIT",
      "engines": {
        "node": ">=12.0.0"
      },
      "peerDependencies": {
        "picomatch": "^3 || ^4"
      },
      "peerDependenciesMeta": {
        "picomatch": {
          "optional": true
        }
      }
    },
    "node_modules/fraction.js": {
      "version": "5.3.4",
      "dev": true,
      "license": "MIT",
      "engines": {
        "node": "*"
      },
      "funding": {
        "type": "github",
        "url": "https://github.com/sponsors/rawify"
      }
    },
    "node_modules/graceful-fs": {
      "version": "4.2.11",
      "dev": true,
      "license": "ISC"
    },
    "node_modules/jiti": {
      "version": "2.7.0",
      "dev": true,
      "license": "MIT",
      "bin": {
        "jiti": "lib/jiti-cli.mjs"
      }
    },
    "node_modules/lightningcss": {
      "version": "1.32.0",
      "dev": true,
      "license": "MPL-2.0",
      "dependencies": {
        "detect-libc": "^2.0.3"
      },
      "engines": {
        "node": ">= 12.0.0"
      },
      "funding": {
        "type": "opencollective",
        "url": "https://opencollective.com/parcel"
      },
      "optionalDependencies": {
        "lightningcss-android-arm64": "1.32.0",
        "lightningcss-darwin-arm64": "1.32.0",
        "lightningcss-darwin-x64": "1.32.0",
        "lightningcss-freebsd-x64": "1.32.0",
        "lightningcss-linux-arm-gnueabihf": "1.32.0",
        "lightningcss-linux-arm64-gnu": "1.32.0",
        "lightningcss-linux-arm64-musl": "1.32.0",
        "lightningcss-linux-x64-gnu": "1.32.0",
        "lightningcss-linux-x64-musl": "1.32.0",
        "lightningcss-win32-arm64-msvc": "1.32.0",
        "lightningcss-win32-x64-msvc": "1.32.0"
      }
    },
    "node_modules/lightningcss-linux-x64-gnu": {
      "version": "1.32.0",
      "cpu": [
        "x64"
      ],
      "dev": true,
      "license": "MPL-2.0",
      "optional": true,
      "os": [
        "linux"
      ],
      "engines": {
        "node": ">= 12.0.0"
      },
      "funding": {
        "type": "opencollective",
        "url": "https://opencollective.com/parcel"
      }
    },
    "node_modules/lucide-react": {
      "version": "1.44.0",
      "license": "ISC",
      "peerDependencies": {
        "react": "^16.5.1 || ^17.0.0 || ^18.0.0 || ^19.0.0"
      }
    },
    "node_modules/magic-string": {
      "version": "0.30.21",
      "dev": true,
      "license": "MIT",
      "dependencies": {
        "@jridgewell/sourcemap-codec": "^1.5.5"
      }
    },
    "node_modules/nanoid": {
      "version": "3.3.19",
      "dev": true,
      "funding": [
        {
          "type": "github",
          "url": "https://github.com/sponsors/ai"
        }
      ],
      "license": "MIT",
      "bin": {
        "nanoid": "bin/nanoid.cjs"
      },
      "engines": {
        "node": "^10 || ^12 || ^13.7 || ^14 || >=15.0.1"
      }
    },
    "node_modules/node-releases": {
      "version": "2.0.56",
      "dev": true,
      "license": "MIT",
      "engines": {
        "node": ">=18"
      }
    },
    "node_modules/picocolors": {
      "version": "1.1.1",
      "dev": true,
      "license": "ISC"
    },
    "node_modules/picomatch": {
      "version": "4.0.7",
      "dev": true,
      "license": "MIT",
      "engines": {
        "node": ">=12"
      },
      "funding": {
        "url": "https://github.com/sponsors/jonschlinkert"
      }
    },
    "node_modules/postcss": {
      "version": "8.5.28",
      "dev": true,
      "funding": [
        {
          "type": "opencollective",
          "url": "https://opencollective.com/postcss/"
        },
        {
          "type": "tidelift",
          "url": "https://tidelift.com/funding/github/npm/postcss"
        },
        {
          "type": "github",
          "url": "https://github.com/sponsors/ai"
        }
      ],
      "license": "MIT",
      "dependencies": {
        "nanoid": "^3.3.18",
        "picocolors": "^1.1.1",
        "source-map-js": "^1.2.1"
      },
      "engines": {
        "node": "^10 || ^12 || >=14"
      }
    },
    "node_modules/postcss-value-parser": {
      "version": "4.2.0",
      "dev": true,
      "license": "MIT"
    },
    "node_modules/react": {
      "version": "19.3.0",
      "license": "MIT",
      "engines": {
        "node": ">=0.10.0"
      }
    },
    "node_modules/react-dom": {
      "version": "19.3.0",
      "license": "MIT",
      "dependencies": {
        "scheduler": "^0.28.0"
      },
      "peerDependencies": {
        "react": "^19.3.0"
      }
    },
    "node_modules/rolldown": {
      "version": "1.2.9",
      "dev": true,
      "license": "MIT",
      "dependencies": {
        "@oxc-project/types": "=0.150.0",
        "@rolldown/pluginutils": "^1.0.0"
      },
      "bin": {
        "rolldown": "bin/cli.mjs"
      },
      "engines": {
        "node": "^20.19.0 || >=22.12.0"
      },
      "optionalDependencies": {
        "@rolldown/binding-android-arm-eabi": "1.2.9",
        "@rolldown/binding-android-arm64": "1.2.9",
        "@rolldown/binding-darwin-arm64": "1.2.9",
        "@rolldown/binding-darwin-x64": "1.2.9",
        "@rolldown/binding-freebsd-x64": "1.2.9",
        "@rolldown/binding-linux-arm-gnueabihf": "1.2.9",
        "@rolldown/binding-linux-arm64-gnu": "1.2.9",
        "@rolldown/binding-linux-arm64-musl": "1.2.9",
        "@rolldown/binding-linux-ppc64-gnu": "1.2.9",
        "@rolldown/binding-linux-s390x-gnu": "1.2.9",
        "@rolldown/binding-linux-x64-gnu": "1.2.9",
        "@rolldown/binding-linux-x64-musl": "1.2.9",
        "@rolldown/binding-openharmony-arm64": "1.2.9",
        "@rolldown/binding-win32-arm64-msvc": "1.2.9",
        "@rolldown/binding-win32-x64-msvc": "1.2.9"
      }
    },
    "node_modules/scheduler": {
      "version": "0.28.0",
      "license": "MIT"
    },
    "node_modules/source-map-js": {
      "version": "1.2.1",
      "dev": true,
      "license": "BSD-3-Clause",
      "engines": {
        "node": ">=0.10.0"
      }
    },
    "node_modules/tailwindcss": {
      "version": "4.3.3",
      "dev": true,
      "license": "MIT"
    },
    "node_modules/tapable": {
      "version": "2.3.3",
      "dev": true,
      "license": "MIT",
      "engines": {
        "node": ">=6"
      },
      "funding": {
        "type": "opencollective",
        "url": "https://opencollective.com/webpack"
      }
    },
    "node_modules/tinyglobby": {
      "version": "0.2.17",
      "dev": true,
      "license": "MIT",
      "dependencies": {
        "fdir": "^6.5.0",
        "picomatch": "^4.0.4"
      },
      "engines": {
        "node": ">=12.0.0"
      },
      "funding": {
        "url": "https://github.com/sponsors/SuperchupuDev"
      }
    },
    "node_modules/update-browserslist-db": {
      "version": "1.3.3",
      "dev": true,
      "funding": [
        {
          "type": "opencollective",
          "url": "https://opencollective.com/browserslist"
        },
        {
          "type": "tidelift",
          "url": "https://tidelift.com/funding/github/npm/browserslist"
        },
        {
          "type": "github",
          "url": "https://github.com/sponsors/ai"
        }
      ],
      "license": "MIT",
      "dependencies": {
        "escalade": "^3.2.0",
        "picocolors": "^1.1.1"
      },
      "bin": {
        "update-browserslist-db": "cli.js"
      },
      "peerDependencies": {
        "browserslist": ">= 4.21.0"
      }
    },
    "node_modules/vite": {
      "version": "8.3.0",
      "dev": true,
      "license": "MIT",
      "dependencies": {
        "lightningcss": "^1.33.0",
        "picomatch": "^4.0.7",
        "postcss": "^8.5.28",
        "rolldown": "~1.2.6",
        "tinyglobby": "^0.2.17"
      },
      "bin": {
        "vite": "bin/vite.js"
      },
      "engines": {
        "node": "^20.19.0 || >=22.12.0"
      },
      "funding": {
        "url": "https://github.com/vitejs/vite?sponsor=1"
      },
      "optionalDependencies": {
        "fsevents": "~2.3.3"
      },
      "peerDependencies": {
        "@types/node": "^20.19.0 || >=22.12.0",
        "@vitejs/devtools": "^0.7.1",
        "esbuild": "^0.27.0 || ^0.28.0",
        "jiti": ">=1.21.0",
        "less": "^4.0.0",
        "sass": "^1.70.0",
        "sass-embedded": "^1.70.0",
        "stylus": ">=0.54.8",
        "sugarss": "^5.0.0",
        "terser": "^5.16.0",
        "tsx": "^4.8.1",
        "yaml": "^2.4.2"
      },
      "peerDependenciesMeta": {
        "@types/node": {
          "optional": true
        },
        "@vitejs/devtools": {
          "optional": true
        },
        "esbuild": {
          "optional": true
        },
        "jiti": {
          "optional": true
        },
        "less": {
          "optional": true
        },
        "sass": {
          "optional": true
        },
        "sass-embedded": {
          "optional": true
        },
        "stylus": {
          "optional": true
        },
        "sugarss": {
          "optional": true
        },
        "terser": {
          "optional": true
        },
        "tsx": {
          "optional": true
        },
        "yaml": {
          "optional": true
        }
      }
    },
    "node_modules/vite/node_modules/lightningcss": {
      "version": "1.33.0",
      "dev": true,
      "license": "MPL-2.0",
      "dependencies": {
        "detect-libc": "^2.0.3"
      },
      "engines": {
        "node": ">= 12.0.0"
      },
      "funding": {
        "type": "opencollective",
        "url": "https://opencollective.com/parcel"
      },
      "optionalDependencies": {
        "lightningcss-android-arm64": "1.33.0",
        "lightningcss-darwin-arm64": "1.33.0",
        "lightningcss-darwin-x64": "1.33.0",
        "lightningcss-freebsd-x64": "1.33.0",
        "lightningcss-linux-arm-gnueabihf": "1.33.0",
        "lightningcss-linux-arm64-gnu": "1.33.0",
        "lightningcss-linux-arm64-musl": "1.33.0",
        "lightningcss-linux-x64-gnu": "1.33.0",
        "lightningcss-linux-x64-musl": "1.33.0",
        "lightningcss-win32-arm64-msvc": "1.33.0",
        "lightningcss-win32-x64-msvc": "1.33.0"
      }
    },
    "node_modules/vite/node_modules/lightningcss-linux-x64-gnu": {
      "version": "1.33.0",
      "cpu": [
        "x64"
      ],
      "dev": true,
      "license": "MPL-2.0",
      "optional": true,
      "os": [
        "linux"
      ],
      "engines": {
        "node": ">= 12.0.0"
      },
      "funding": {
        "type": "opencollective",
        "url": "https://opencollective.com/parcel"
      }
    }
  }
}
